
Microsoft Visual Studio Solution File, Format Version 11.00
# Visual Studio 2010
Project("{8BC9CEB8-8B4A-11D0-8D11-00A0C91BC942}") = "AppType", "AppType.vcxproj", "{D8B8B87B-73B8-9625-5EB0-952342834D88}"
EndProject
Global
	GlobalSection(SolutionConfigurationPlatforms) = preSolution
		Debug|Win32 = Debug|Win32
		Release|Win32 = Release|Win32
	EndGlobalSection
	GlobalSection(ProjectConfigurationPlatforms) = postSolution
		{D8B8B87B-73B8-9625-5EB0-952342834D88}.Debug|Win32.ActiveCfg = Debug|Win32
		{D8B8B87B-73B8-9625-5EB0-952342834D88}.Debug|Win32.Build.0 = Debug|Win32
		{D8B8B87B-73B8-9625-5EB0-952342834D88}.Release|Win32.ActiveCfg = Release|Win32
		{D8B8B87B-73B8-9625-5EB0-952342834D88}.Release|Win32.Build.0 = Release|Win32
	EndGlobalSection
	GlobalSection(SolutionProperties) = preSolution
		HideSolutionNode = FALSE
	EndGlobalSection
EndGlobal
