<?xml version="1.0" encoding="utf-8"?>
<Project ToolsVersion="4.0" xmlns="http://schemas.microsoft.com/developer/msbuild/2003">
  <ItemGroup>
    <Filter Include="Source Files">
      <UniqueIdentifier>{4FC737F1-C7A5-4376-A066-2A32D752A2FF}</UniqueIdentifier>
      <Extensions>cpp;c;cc;cxx;def;odl;idl;hpj;bat;asm;asmx</Extensions>
    </Filter>
    <Filter Include="Precompiled">
      <UniqueIdentifier>{ae079539-d514-4f32-8ca7-db5bbbd3aceb}</UniqueIdentifier>
    </Filter>
    <Filter Include="Utilities">
      <UniqueIdentifier>{1f015825-7dd7-49d0-b730-532d71df5af5}</UniqueIdentifier>
    </Filter>
  </ItemGroup>
  <ItemGroup>
    <ClCompile Include="Hook.cpp">
      <Filter>Source Files</Filter>
    </ClCompile>
    <ClCompile Include="ConsoleHook.cpp">
      <Filter>Source Files</Filter>
    </ClCompile>
    <ClCompile Include="stdafx.cpp">
      <Filter>Precompiled</Filter>
    </ClCompile>
    <ClCompile Include="Payload.Dll.cpp" />
  </ItemGroup>
  <ItemGroup>
    <ClInclude Include="stdafx.h">
      <Filter>Precompiled</Filter>
    </ClInclude>
    <ClInclude Include="WinApiException.h">
      <Filter>Utilities</Filter>
    </ClInclude>
    <ClInclude Include="Payload.Dll.h" />
  </ItemGroup>
</Project>