<?xml version="1.0" encoding="utf-8"?>
<Project ToolsVersion="4.0" xmlns="http://schemas.microsoft.com/developer/msbuild/2003">
  <ItemGroup>
    <Filter Include="Source Files">
      <UniqueIdentifier>{4FC737F1-C7A5-4376-A066-2A32D752A2FF}</UniqueIdentifier>
      <Extensions>cpp;c;cc;cxx;def;odl;idl;hpj;bat;asm;asmx</Extensions>
    </Filter>
    <Filter Include="Header Files">
      <UniqueIdentifier>{45a60301-8bbd-4b6e-b26b-4b261e72ff0b}</UniqueIdentifier>
    </Filter>
    <Filter Include="[Precompiled]">
      <UniqueIdentifier>{ae079539-d514-4f32-8ca7-db5bbbd3aceb}</UniqueIdentifier>
    </Filter>
    <Filter Include="Prototypes">
      <UniqueIdentifier>{cbdca500-c9ce-447e-8de1-e6638ccb691a}</UniqueIdentifier>
    </Filter>
  </ItemGroup>
  <ItemGroup>
    <ClCompile Include="stdafx.cpp">
      <Filter>[Precompiled]</Filter>
    </ClCompile>
    <ClCompile Include="DebugConsole.cpp">
      <Filter>Source Files</Filter>
    </ClCompile>
    <ClCompile Include="AnotherSpy.cpp">
      <Filter>Prototypes</Filter>
    </ClCompile>
    <ClCompile Include="ConsoleDeterminer.cpp">
      <Filter>Prototypes</Filter>
    </ClCompile>
    <ClCompile Include="FindConhost.cpp">
      <Filter>Source Files</Filter>
    </ClCompile>
    <ClCompile Include="OldInjector.cpp">
      <Filter>Source Files</Filter>
    </ClCompile>
  </ItemGroup>
  <ItemGroup>
    <ClInclude Include="stdafx.h">
      <Filter>[Precompiled]</Filter>
    </ClInclude>
    <ClInclude Include="Payload.Dll.h" />
    <ClInclude Include="WinApiException.h">
      <Filter>Header Files</Filter>
    </ClInclude>
    <ClInclude Include="DebugConsole.h">
      <Filter>Header Files</Filter>
    </ClInclude>
    <ClInclude Include="FindConhost.h">
      <Filter>Header Files</Filter>
    </ClInclude>
  </ItemGroup>
</Project>