
Microsoft Visual Studio Solution File, Format Version 11.00
# Visual Studio 2010
Project("{8BC9CEB8-8B4A-11D0-8D11-00A0C91BC942}") = "HookSpy", "HookSpy\HookSpy.vcxproj", "{32CD14A4-7E21-1B4F-2C50-8907C478E63A}"
	ProjectSection(ProjectDependencies) = postProject
		{B448F899-4AAE-5A56-1F86-8A5A0B03F58F} = {B448F899-4AAE-5A56-1F86-8A5A0B03F58F}
	EndProjectSection
EndProject
Project("{8BC9CEB8-8B4A-11D0-8D11-00A0C91BC942}") = "HookSpyDll", "HookSpyDll\HookSpyDll.vcxproj", "{B448F899-4AAE-5A56-1F86-8A5A0B03F58F}"
EndProject
Global
	GlobalSection(SolutionConfigurationPlatforms) = preSolution
		Debug|Win32 = Debug|Win32
		Release|Win32 = Release|Win32
		Template|Win32 = Template|Win32
	EndGlobalSection
	GlobalSection(ProjectConfigurationPlatforms) = postSolution
		{32CD14A4-7E21-1B4F-2C50-8907C478E63A}.Debug|Win32.ActiveCfg = Debug|Win32
		{32CD14A4-7E21-1B4F-2C50-8907C478E63A}.Debug|Win32.Build.0 = Debug|Win32
		{32CD14A4-7E21-1B4F-2C50-8907C478E63A}.Release|Win32.ActiveCfg = Release|Win32
		{32CD14A4-7E21-1B4F-2C50-8907C478E63A}.Release|Win32.Build.0 = Release|Win32
		{32CD14A4-7E21-1B4F-2C50-8907C478E63A}.Template|Win32.ActiveCfg = Release|Win32
		{32CD14A4-7E21-1B4F-2C50-8907C478E63A}.Template|Win32.Build.0 = Release|Win32
		{B448F899-4AAE-5A56-1F86-8A5A0B03F58F}.Debug|Win32.ActiveCfg = Debug|Win32
		{B448F899-4AAE-5A56-1F86-8A5A0B03F58F}.Debug|Win32.Build.0 = Debug|Win32
		{B448F899-4AAE-5A56-1F86-8A5A0B03F58F}.Release|Win32.ActiveCfg = Release|Win32
		{B448F899-4AAE-5A56-1F86-8A5A0B03F58F}.Release|Win32.Build.0 = Release|Win32
		{B448F899-4AAE-5A56-1F86-8A5A0B03F58F}.Template|Win32.ActiveCfg = Release|Win32
		{B448F899-4AAE-5A56-1F86-8A5A0B03F58F}.Template|Win32.Build.0 = Release|Win32
	EndGlobalSection
	GlobalSection(SolutionProperties) = preSolution
		HideSolutionNode = FALSE
	EndGlobalSection
EndGlobal
