
Microsoft Visual Studio Solution File, Format Version 11.00
# Visual Studio 2010
Project("{8BC9CEB8-8B4A-11D0-8D11-00A0C91BC942}") = "Hook", "Hook\Hook.vcxproj", "{F61663D8-B2B6-4D63-A69D-E5302AB833E7}"
EndProject
Project("{8BC9CEB8-8B4A-11D0-8D11-00A0C91BC942}") = "Injector", "Injector\Injector.vcxproj", "{0E204256-B0B8-47A0-AF7D-4C56E84FC76B}"
	ProjectSection(ProjectDependencies) = postProject
		{F61663D8-B2B6-4D63-A69D-E5302AB833E7} = {F61663D8-B2B6-4D63-A69D-E5302AB833E7}
	EndProjectSection
EndProject
Project("{8BC9CEB8-8B4A-11D0-8D11-00A0C91BC942}") = "WinTarget", "WinTarget\WinTarget.vcxproj", "{62A4105B-1758-4646-95F4-16E05826C2CE}"
EndProject
Global
	GlobalSection(SolutionConfigurationPlatforms) = preSolution
		Debug|Win32 = Debug|Win32
		Release|Win32 = Release|Win32
	EndGlobalSection
	GlobalSection(ProjectConfigurationPlatforms) = postSolution
		{F61663D8-B2B6-4D63-A69D-E5302AB833E7}.Debug|Win32.ActiveCfg = Debug|Win32
		{F61663D8-B2B6-4D63-A69D-E5302AB833E7}.Debug|Win32.Build.0 = Debug|Win32
		{F61663D8-B2B6-4D63-A69D-E5302AB833E7}.Release|Win32.ActiveCfg = Release|Win32
		{F61663D8-B2B6-4D63-A69D-E5302AB833E7}.Release|Win32.Build.0 = Release|Win32
		{0E204256-B0B8-47A0-AF7D-4C56E84FC76B}.Debug|Win32.ActiveCfg = Debug|Win32
		{0E204256-B0B8-47A0-AF7D-4C56E84FC76B}.Debug|Win32.Build.0 = Debug|Win32
		{0E204256-B0B8-47A0-AF7D-4C56E84FC76B}.Release|Win32.ActiveCfg = Release|Win32
		{0E204256-B0B8-47A0-AF7D-4C56E84FC76B}.Release|Win32.Build.0 = Release|Win32
		{62A4105B-1758-4646-95F4-16E05826C2CE}.Debug|Win32.ActiveCfg = Debug|Win32
		{62A4105B-1758-4646-95F4-16E05826C2CE}.Debug|Win32.Build.0 = Debug|Win32
		{62A4105B-1758-4646-95F4-16E05826C2CE}.Release|Win32.ActiveCfg = Release|Win32
		{62A4105B-1758-4646-95F4-16E05826C2CE}.Release|Win32.Build.0 = Release|Win32
	EndGlobalSection
	GlobalSection(SolutionProperties) = preSolution
		HideSolutionNode = FALSE
	EndGlobalSection
EndGlobal
